{
  "name": "nejimakidori-web",
  "version": "0.1.0",
  "lockfileVersion": 3,
  "requires": true,
  "packages": {
    "": {
      "name": "nejimakidori-web",
      "version": "0.1.0",
      "dependencies": {
        "mjsoul": "2.3.0",
        "protobufjs": "8.8.0"
      }
    },
    "node_modules/long": {
      "version": "5.3.2",
      "resolved": "https://registry.npmjs.org/long/-/long-5.3.2.tgz",
      "integrity": "sha512-mNAgZ1GmyNhD7AuqnTG3/VQ26o760+ZYBPKjPvugO8+nLbYfX6TVpJPseBvopbdY+qpZ/lKUnmEc1LeZYS3QAA=="
    },
    "node_modules/mjsoul": {
      "version": "2.3.0",
      "resolved": "https://registry.npmjs.org/mjsoul/-/mjsoul-2.3.0.tgz",
      "integrity": "sha512-LwBy5DQcEYFPD52H8Gk9nDjFUHONwU78uRBmU1kwINSIfaUHkMU6/htRyfZS6V/ZU7EDEM8LO3ENVs3RDhQsiA==",
      "dependencies": {
        "protobufjs": "^6.9.0",
        "ws": "^7.3.1"
      }
    },
    "node_modules/protobufjs": {
      "version": "8.8.0",
      "resolved": "https://registry.npmjs.org/protobufjs/-/protobufjs-8.8.0.tgz",
      "integrity": "sha512-N3xhQ5yyBx3vQq4gubBfASzYhJGNzeDbjqBpu61g7UVylsN/qyffU96TKWD3GbbLOKF82VGNRNvv1+BFgE31Eg==",
      "dependencies": {
        "long": "^5.3.2"
      },
      "engines": {
        "node": ">=12.0.0"
      }
    },
    "node_modules/ws": {
      "version": "8.21.3",
      "resolved": "https://registry.npmjs.org/ws/-/ws-8.21.3.tgz",
      "integrity": "sha512-201TZ/kPWxoPr/OKWjquZR1SWKXcvxdH+e1xrx89b3YbmzLMFCLfnaG1HFIgWzJOEWZ7MvpK++odZufgYR50Rw==",
      "engines": {
        "node": ">=10.0.0"
      },
      "peerDependencies": {
        "bufferutil": "^4.0.1",
        "utf-8-validate": ">=5.0.2"
      },
      "peerDependenciesMeta": {
        "bufferutil": {
          "optional": true
        },
        "utf-8-validate": {
          "optional": true
        }
      }
    }
  }
}
